// !$*UTF8*$!
{
	archiveVersion = 1;
	classes = {
	};
	objectVersion = 48;
	objects = {

/* Begin PBXBuildFile section */
		063884717933F628327A98F8 /* Pods_Zulu.framework in Frameworks */ = {isa = PBXBuildFile; fileRef = 249C26754AB681668E21A9C6 /* Pods_Zulu.framework */; };
		1D85493128B9FBEFD6EBB7C8 /* Pods_ZuluTests.framework in Frameworks */ = {isa = PBXBuildFile; fileRef = C4C80EF487F8F9B03AC9025D /* Pods_ZuluTests.framework */; };
		30E7EB382066E3D200B6552A /* ProductConfirmationViewController.swift in Sources */ = {isa = PBXBuildFile; fileRef = 30E7EB372066E3D200B6552A /* ProductConfirmationViewController.swift */; };
		BA30F0B52064A6CB00DEDA87 /* CustomerScreenViewController.swift in Sources */ = {isa = PBXBuildFile; fileRef = BA30F0B42064A6CB00DEDA87 /* CustomerScreenViewController.swift */; };
		BA30F0B72064A71B00DEDA87 /* AdminScreenViewController.swift in Sources */ = {isa = PBXBuildFile; fileRef = BA30F0B62064A71B00DEDA87 /* AdminScreenViewController.swift */; };
		BA30F0BB2064C15900DEDA87 /* ZephyrViewController.swift in Sources */ = {isa = PBXBuildFile; fileRef = BA30F0BA2064C15900DEDA87 /* ZephyrViewController.swift */; };
		BA30F0BD2064C16600DEDA87 /* PreviousPurchasesViewController.swift in Sources */ = {isa = PBXBuildFile; fileRef = BA30F0BC2064C16600DEDA87 /* PreviousPurchasesViewController.swift */; };
		BA30F0BF2064C17200DEDA87 /* StoreSearchViewController.swift in Sources */ = {isa = PBXBuildFile; fileRef = BA30F0BE2064C17200DEDA87 /* StoreSearchViewController.swift */; };
		BA457F54207470800036FBEA /* SearchInventoryViewController.swift in Sources */ = {isa = PBXBuildFile; fileRef = BA457F4E2074707F0036FBEA /* SearchInventoryViewController.swift */; };
		BA457F55207470800036FBEA /* FavStoreTableViewController.swift in Sources */ = {isa = PBXBuildFile; fileRef = BA457F4F2074707F0036FBEA /* FavStoreTableViewController.swift */; };
		BA457F56207470800036FBEA /* LocationTableViewCell.swift in Sources */ = {isa = PBXBuildFile; fileRef = BA457F502074707F0036FBEA /* LocationTableViewCell.swift */; };
		BA457F57207470800036FBEA /* SearchLocationViewController.swift in Sources */ = {isa = PBXBuildFile; fileRef = BA457F512074707F0036FBEA /* SearchLocationViewController.swift */; };
		BA457F58207470800036FBEA /* LocationDescriptionViewController.swift in Sources */ = {isa = PBXBuildFile; fileRef = BA457F52207470800036FBEA /* LocationDescriptionViewController.swift */; };
		BA5390AD20655955007713E2 /* Item.swift in Sources */ = {isa = PBXBuildFile; fileRef = BA5390AC20655955007713E2 /* Item.swift */; };
		BA5390B120656764007713E2 /* DataStore.swift in Sources */ = {isa = PBXBuildFile; fileRef = BA5390B020656764007713E2 /* DataStore.swift */; };
		BA5390B320656D5D007713E2 /* VirtualCartTableViewController.swift in Sources */ = {isa = PBXBuildFile; fileRef = BA5390B220656D5D007713E2 /* VirtualCartTableViewController.swift */; };
		BA5390B520657880007713E2 /* ProductTableViewCell.swift in Sources */ = {isa = PBXBuildFile; fileRef = BA5390B420657880007713E2 /* ProductTableViewCell.swift */; };
		BA5AC401E748A10A5506CFE3 /* Pods_ZuluUITests.framework in Frameworks */ = {isa = PBXBuildFile; fileRef = C8DBED376FCB71B2B7F69F67 /* Pods_ZuluUITests.framework */; };
		BA67E6E020643D21000727C8 /* RegisterViewController.swift in Sources */ = {isa = PBXBuildFile; fileRef = BA67E6DF20643D21000727C8 /* RegisterViewController.swift */; };
		BA67E6E42064432B000727C8 /* HomeViewController.swift in Sources */ = {isa = PBXBuildFile; fileRef = BA67E6E32064432B000727C8 /* HomeViewController.swift */; };
		BA68F80B2063508A004CF7A0 /* AppDelegate.swift in Sources */ = {isa = PBXBuildFile; fileRef = BA68F80A2063508A004CF7A0 /* AppDelegate.swift */; };
		BA68F80D2063508A004CF7A0 /* ViewController.swift in Sources */ = {isa = PBXBuildFile; fileRef = BA68F80C2063508A004CF7A0 /* ViewController.swift */; };
		BA68F8102063508A004CF7A0 /* Main.storyboard in Resources */ = {isa = PBXBuildFile; fileRef = BA68F80E2063508A004CF7A0 /* Main.storyboard */; };
		BA68F8122063508A004CF7A0 /* Assets.xcassets in Resources */ = {isa = PBXBuildFile; fileRef = BA68F8112063508A004CF7A0 /* Assets.xcassets */; };
		BA68F8152063508A004CF7A0 /* LaunchScreen.storyboard in Resources */ = {isa = PBXBuildFile; fileRef = BA68F8132063508A004CF7A0 /* LaunchScreen.storyboard */; };
		BA68F8202063508B004CF7A0 /* ZuluTests.swift in Sources */ = {isa = PBXBuildFile; fileRef = BA68F81F2063508B004CF7A0 /* ZuluTests.swift */; };
		BA68F82B2063508B004CF7A0 /* ZuluUITests.swift in Sources */ = {isa = PBXBuildFile; fileRef = BA68F82A2063508B004CF7A0 /* ZuluUITests.swift */; };
		BAB645C920640A9B0007D190 /* SignInViewController.swift in Sources */ = {isa = PBXBuildFile; fileRef = BAB645C820640A9B0007D190 /* SignInViewController.swift */; };
		F03C1EA9206FF1210026B634 /* GoogleService-Info.plist in Resources */ = {isa = PBXBuildFile; fileRef = F03C1EA8206FF1210026B634 /* GoogleService-Info.plist */; };
		F03C1EAB207080380026B634 /* CartOverViewController.swift in Sources */ = {isa = PBXBuildFile; fileRef = F03C1EAA207080380026B634 /* CartOverViewController.swift */; };
		F052C8D32082A62B000931A2 /* GroceryListItemTableViewCell.swift in Sources */ = {isa = PBXBuildFile; fileRef = F052C8D22082A62A000931A2 /* GroceryListItemTableViewCell.swift */; };
		F089A1D8207E93F50003BF68 /* ItemSearchOverviewController.swift in Sources */ = {isa = PBXBuildFile; fileRef = F089A1D7207E93F50003BF68 /* ItemSearchOverviewController.swift */; };
		F089A1DA207E94110003BF68 /* ItemSearchTableViewController.swift in Sources */ = {isa = PBXBuildFile; fileRef = F089A1D9207E94110003BF68 /* ItemSearchTableViewController.swift */; };
		F089A1DD207EB4120003BF68 /* GroceryListViewController.swift in Sources */ = {isa = PBXBuildFile; fileRef = F089A1DC207EB4120003BF68 /* GroceryListViewController.swift */; };
		F089A1DF207EB43B0003BF68 /* GroceryListTableViewController.swift in Sources */ = {isa = PBXBuildFile; fileRef = F089A1DE207EB43B0003BF68 /* GroceryListTableViewController.swift */; };
		F089A1E1207F0D8B0003BF68 /* SelectedItemDisplay.swift in Sources */ = {isa = PBXBuildFile; fileRef = F089A1E0207F0D8B0003BF68 /* SelectedItemDisplay.swift */; };
		F089A1E3207FFF840003BF68 /* Constants.swift in Sources */ = {isa = PBXBuildFile; fileRef = F089A1E2207FFF830003BF68 /* Constants.swift */; };
		F089A1E5208058D60003BF68 /* CheckoutStationViewController.swift in Sources */ = {isa = PBXBuildFile; fileRef = F089A1E4208058D60003BF68 /* CheckoutStationViewController.swift */; };
		F09541B32076D8020073379B /* InventoryOverviewController.swift in Sources */ = {isa = PBXBuildFile; fileRef = F09541B22076D8020073379B /* InventoryOverviewController.swift */; };
		F09541B52076DBB10073379B /* InventoryTableViewController.swift in Sources */ = {isa = PBXBuildFile; fileRef = F09541B42076DBB00073379B /* InventoryTableViewController.swift */; };
		F09541B72076DBC50073379B /* InventoryItemCell.swift in Sources */ = {isa = PBXBuildFile; fileRef = F09541B62076DBC50073379B /* InventoryItemCell.swift */; };
		F09541B920771C490073379B /* CustomerReceiptOverviewController.swift in Sources */ = {isa = PBXBuildFile; fileRef = F09541B820771C490073379B /* CustomerReceiptOverviewController.swift */; };
		F09541BB20771C8F0073379B /* CustomerReceiptTableViewController.swift in Sources */ = {isa = PBXBuildFile; fileRef = F09541BA20771C8F0073379B /* CustomerReceiptTableViewController.swift */; };
		F09541BD20771E050073379B /* CustomerReceiptCell.swift in Sources */ = {isa = PBXBuildFile; fileRef = F09541BC20771E050073379B /* CustomerReceiptCell.swift */; };
		F09541BF207819640073379B /* OverallNavigationController.swift in Sources */ = {isa = PBXBuildFile; fileRef = F09541BE207819640073379B /* OverallNavigationController.swift */; };
		F0B8B67C20733D7000601F86 /* PreviousPurchasesCell.swift in Sources */ = {isa = PBXBuildFile; fileRef = F0B8B67B20733D7000601F86 /* PreviousPurchasesCell.swift */; };
		F0B8B67E20733F5300601F86 /* ReceiptsTableViewController.swift in Sources */ = {isa = PBXBuildFile; fileRef = F0B8B67D20733F5300601F86 /* ReceiptsTableViewController.swift */; };
		F0BCBC8B20731BE200C25347 /* ReceiptViewController.swift in Sources */ = {isa = PBXBuildFile; fileRef = F0BCBC8A20731BE200C25347 /* ReceiptViewController.swift */; };
		F0DA30612073025F00643436 /* PayViewController.swift in Sources */ = {isa = PBXBuildFile; fileRef = F0DA30602073025F00643436 /* PayViewController.swift */; };
/* End PBXBuildFile section */

/* Begin PBXContainerItemProxy section */
		BA68F81C2063508B004CF7A0 /* PBXContainerItemProxy */ = {
			isa = PBXContainerItemProxy;
			containerPortal = BA68F7FF2063508A004CF7A0 /* Project object */;
			proxyType = 1;
			remoteGlobalIDString = BA68F8062063508A004CF7A0;
			remoteInfo = Zulu;
		};
		BA68F8272063508B004CF7A0 /* PBXContainerItemProxy */ = {
			isa = PBXContainerItemProxy;
			containerPortal = BA68F7FF2063508A004CF7A0 /* Project object */;
			proxyType = 1;
			remoteGlobalIDString = BA68F8062063508A004CF7A0;
			remoteInfo = Zulu;
		};
/* End PBXContainerItemProxy section */

/* Begin PBXFileReference section */
		249C26754AB681668E21A9C6 /* Pods_Zulu.framework */ = {isa = PBXFileReference; explicitFileType = wrapper.framework; includeInIndex = 0; path = Pods_Zulu.framework; sourceTree = BUILT_PRODUCTS_DIR; };
		30E7EB372066E3D200B6552A /* ProductConfirmationViewController.swift */ = {isa = PBXFileReference; lastKnownFileType = sourcecode.swift; path = ProductConfirmationViewController.swift; sourceTree = "<group>"; };
		3B37B43F6AB27A6CD708B7C5 /* Pods-ZuluUITests.release.xcconfig */ = {isa = PBXFileReference; includeInIndex = 1; lastKnownFileType = text.xcconfig; name = "Pods-ZuluUITests.release.xcconfig"; path = "Pods/Target Support Files/Pods-ZuluUITests/Pods-ZuluUITests.release.xcconfig"; sourceTree = "<group>"; };
		422B89A9581ED3658A79F89C /* Pods-ZuluTests.release.xcconfig */ = {isa = PBXFileReference; includeInIndex = 1; lastKnownFileType = text.xcconfig; name = "Pods-ZuluTests.release.xcconfig"; path = "Pods/Target Support Files/Pods-ZuluTests/Pods-ZuluTests.release.xcconfig"; sourceTree = "<group>"; };
		4F5DA382FB92AF632BB04687 /* Pods-ZuluUITests.debug.xcconfig */ = {isa = PBXFileReference; includeInIndex = 1; lastKnownFileType = text.xcconfig; name = "Pods-ZuluUITests.debug.xcconfig"; path = "Pods/Target Support Files/Pods-ZuluUITests/Pods-ZuluUITests.debug.xcconfig"; sourceTree = "<group>"; };
		B17C5547A5FC4B618F0CAF4B /* Pods-ZuluTests.debug.xcconfig */ = {isa = PBXFileReference; includeInIndex = 1; lastKnownFileType = text.xcconfig; name = "Pods-ZuluTests.debug.xcconfig"; path = "Pods/Target Support Files/Pods-ZuluTests/Pods-ZuluTests.debug.xcconfig"; sourceTree = "<group>"; };
		BA30F0B42064A6CB00DEDA87 /* CustomerScreenViewController.swift */ = {isa = PBXFileReference; lastKnownFileType = sourcecode.swift; path = CustomerScreenViewController.swift; sourceTree = "<group>"; };
		BA30F0B62064A71B00DEDA87 /* AdminScreenViewController.swift */ = {isa = PBXFileReference; lastKnownFileType = sourcecode.swift; path = AdminScreenViewController.swift; sourceTree = "<group>"; };
		BA30F0BA2064C15900DEDA87 /* ZephyrViewController.swift */ = {isa = PBXFileReference; lastKnownFileType = sourcecode.swift; path = ZephyrViewController.swift; sourceTree = "<group>"; };
		BA30F0BC2064C16600DEDA87 /* PreviousPurchasesViewController.swift */ = {isa = PBXFileReference; lastKnownFileType = sourcecode.swift; path = PreviousPurchasesViewController.swift; sourceTree = "<group>"; };
		BA30F0BE2064C17200DEDA87 /* StoreSearchViewController.swift */ = {isa = PBXFileReference; lastKnownFileType = sourcecode.swift; path = StoreSearchViewController.swift; sourceTree = "<group>"; };
		BA457F4E2074707F0036FBEA /* SearchInventoryViewController.swift */ = {isa = PBXFileReference; fileEncoding = 4; lastKnownFileType = sourcecode.swift; path = SearchInventoryViewController.swift; sourceTree = "<group>"; };
		BA457F4F2074707F0036FBEA /* FavStoreTableViewController.swift */ = {isa = PBXFileReference; fileEncoding = 4; lastKnownFileType = sourcecode.swift; path = FavStoreTableViewController.swift; sourceTree = "<group>"; };
		BA457F502074707F0036FBEA /* LocationTableViewCell.swift */ = {isa = PBXFileReference; fileEncoding = 4; lastKnownFileType = sourcecode.swift; path = LocationTableViewCell.swift; sourceTree = "<group>"; };
		BA457F512074707F0036FBEA /* SearchLocationViewController.swift */ = {isa = PBXFileReference; fileEncoding = 4; lastKnownFileType = sourcecode.swift; path = SearchLocationViewController.swift; sourceTree = "<group>"; };
		BA457F52207470800036FBEA /* LocationDescriptionViewController.swift */ = {isa = PBXFileReference; fileEncoding = 4; lastKnownFileType = sourcecode.swift; path = LocationDescriptionViewController.swift; sourceTree = "<group>"; };
		BA5390AC20655955007713E2 /* Item.swift */ = {isa = PBXFileReference; lastKnownFileType = sourcecode.swift; path = Item.swift; sourceTree = "<group>"; };
		BA5390B020656764007713E2 /* DataStore.swift */ = {isa = PBXFileReference; lastKnownFileType = sourcecode.swift; path = DataStore.swift; sourceTree = "<group>"; };
		BA5390B220656D5D007713E2 /* VirtualCartTableViewController.swift */ = {isa = PBXFileReference; lastKnownFileType = sourcecode.swift; path = VirtualCartTableViewController.swift; sourceTree = "<group>"; };
		BA5390B420657880007713E2 /* ProductTableViewCell.swift */ = {isa = PBXFileReference; lastKnownFileType = sourcecode.swift; path = ProductTableViewCell.swift; sourceTree = "<group>"; };
		BA67E6DF20643D21000727C8 /* RegisterViewController.swift */ = {isa = PBXFileReference; lastKnownFileType = sourcecode.swift; path = RegisterViewController.swift; sourceTree = "<group>"; };
		BA67E6E32064432B000727C8 /* HomeViewController.swift */ = {isa = PBXFileReference; lastKnownFileType = sourcecode.swift; path = HomeViewController.swift; sourceTree = "<group>"; };
		BA68F8072063508A004CF7A0 /* Zulu.app */ = {isa = PBXFileReference; explicitFileType = wrapper.application; includeInIndex = 0; path = Zulu.app; sourceTree = BUILT_PRODUCTS_DIR; };
		BA68F80A2063508A004CF7A0 /* AppDelegate.swift */ = {isa = PBXFileReference; lastKnownFileType = sourcecode.swift; path = AppDelegate.swift; sourceTree = "<group>"; };
		BA68F80C2063508A004CF7A0 /* ViewController.swift */ = {isa = PBXFileReference; lastKnownFileType = sourcecode.swift; path = ViewController.swift; sourceTree = "<group>"; };
		BA68F80F2063508A004CF7A0 /* Base */ = {isa = PBXFileReference; lastKnownFileType = file.storyboard; name = Base; path = Base.lproj/Main.storyboard; sourceTree = "<group>"; };
		BA68F8112063508A004CF7A0 /* Assets.xcassets */ = {isa = PBXFileReference; lastKnownFileType = folder.assetcatalog; path = Assets.xcassets; sourceTree = "<group>"; };
		BA68F8142063508A004CF7A0 /* Base */ = {isa = PBXFileReference; lastKnownFileType = file.storyboard; name = Base; path = Base.lproj/LaunchScreen.storyboard; sourceTree = "<group>"; };
		BA68F8162063508A004CF7A0 /* Info.plist */ = {isa = PBXFileReference; lastKnownFileType = text.plist.xml; path = Info.plist; sourceTree = "<group>"; };
		BA68F81B2063508B004CF7A0 /* ZuluTests.xctest */ = {isa = PBXFileReference; explicitFileType = wrapper.cfbundle; includeInIndex = 0; path = ZuluTests.xctest; sourceTree = BUILT_PRODUCTS_DIR; };
		BA68F81F2063508B004CF7A0 /* ZuluTests.swift */ = {isa = PBXFileReference; lastKnownFileType = sourcecode.swift; path = ZuluTests.swift; sourceTree = "<group>"; };
		BA68F8212063508B004CF7A0 /* Info.plist */ = {isa = PBXFileReference; lastKnownFileType = text.plist.xml; path = Info.plist; sourceTree = "<group>"; };
		BA68F8262063508B004CF7A0 /* ZuluUITests.xctest */ = {isa = PBXFileReference; explicitFileType = wrapper.cfbundle; includeInIndex = 0; path = ZuluUITests.xctest; sourceTree = BUILT_PRODUCTS_DIR; };
		BA68F82A2063508B004CF7A0 /* ZuluUITests.swift */ = {isa = PBXFileReference; lastKnownFileType = sourcecode.swift; path = ZuluUITests.swift; sourceTree = "<group>"; };
		BA68F82C2063508B004CF7A0 /* Info.plist */ = {isa = PBXFileReference; lastKnownFileType = text.plist.xml; path = Info.plist; sourceTree = "<group>"; };
		BAB645C820640A9B0007D190 /* SignInViewController.swift */ = {isa = PBXFileReference; lastKnownFileType = sourcecode.swift; path = SignInViewController.swift; sourceTree = "<group>"; };
		C4C80EF487F8F9B03AC9025D /* Pods_ZuluTests.framework */ = {isa = PBXFileReference; explicitFileType = wrapper.framework; includeInIndex = 0; path = Pods_ZuluTests.framework; sourceTree = BUILT_PRODUCTS_DIR; };
		C8DBED376FCB71B2B7F69F67 /* Pods_ZuluUITests.framework */ = {isa = PBXFileReference; explicitFileType = wrapper.framework; includeInIndex = 0; path = Pods_ZuluUITests.framework; sourceTree = BUILT_PRODUCTS_DIR; };
		D65273DF0EA2CF09E70D2B59 /* Pods-Zulu.debug.xcconfig */ = {isa = PBXFileReference; includeInIndex = 1; lastKnownFileType = text.xcconfig; name = "Pods-Zulu.debug.xcconfig"; path = "Pods/Target Support Files/Pods-Zulu/Pods-Zulu.debug.xcconfig"; sourceTree = "<group>"; };
		DE806D784A8FD714D39D844C /* Pods-Zulu.release.xcconfig */ = {isa = PBXFileReference; includeInIndex = 1; lastKnownFileType = text.xcconfig; name = "Pods-Zulu.release.xcconfig"; path = "Pods/Target Support Files/Pods-Zulu/Pods-Zulu.release.xcconfig"; sourceTree = "<group>"; };
		F03C1EA8206FF1210026B634 /* GoogleService-Info.plist */ = {isa = PBXFileReference; fileEncoding = 4; lastKnownFileType = text.plist.xml; path = "GoogleService-Info.plist"; sourceTree = "<group>"; };
		F03C1EAA207080380026B634 /* CartOverViewController.swift */ = {isa = PBXFileReference; lastKnownFileType = sourcecode.swift; path = CartOverViewController.swift; sourceTree = "<group>"; };
		F052C8D22082A62A000931A2 /* GroceryListItemTableViewCell.swift */ = {isa = PBXFileReference; lastKnownFileType = sourcecode.swift; path = GroceryListItemTableViewCell.swift; sourceTree = "<group>"; };
		F089A1D7207E93F50003BF68 /* ItemSearchOverviewController.swift */ = {isa = PBXFileReference; lastKnownFileType = sourcecode.swift; path = ItemSearchOverviewController.swift; sourceTree = "<group>"; };
		F089A1D9207E94110003BF68 /* ItemSearchTableViewController.swift */ = {isa = PBXFileReference; lastKnownFileType = sourcecode.swift; path = ItemSearchTableViewController.swift; sourceTree = "<group>"; };
		F089A1DC207EB4120003BF68 /* GroceryListViewController.swift */ = {isa = PBXFileReference; lastKnownFileType = sourcecode.swift; path = GroceryListViewController.swift; sourceTree = "<group>"; };
		F089A1DE207EB43B0003BF68 /* GroceryListTableViewController.swift */ = {isa = PBXFileReference; lastKnownFileType = sourcecode.swift; path = GroceryListTableViewController.swift; sourceTree = "<group>"; };
		F089A1E0207F0D8B0003BF68 /* SelectedItemDisplay.swift */ = {isa = PBXFileReference; lastKnownFileType = sourcecode.swift; path = SelectedItemDisplay.swift; sourceTree = "<group>"; };
		F089A1E2207FFF830003BF68 /* Constants.swift */ = {isa = PBXFileReference; lastKnownFileType = sourcecode.swift; path = Constants.swift; sourceTree = "<group>"; };
		F089A1E4208058D60003BF68 /* CheckoutStationViewController.swift */ = {isa = PBXFileReference; lastKnownFileType = sourcecode.swift; path = CheckoutStationViewController.swift; sourceTree = "<group>"; };
		F09541B22076D8020073379B /* InventoryOverviewController.swift */ = {isa = PBXFileReference; lastKnownFileType = sourcecode.swift; path = InventoryOverviewController.swift; sourceTree = "<group>"; };
		F09541B42076DBB00073379B /* InventoryTableViewController.swift */ = {isa = PBXFileReference; lastKnownFileType = sourcecode.swift; path = InventoryTableViewController.swift; sourceTree = "<group>"; };
		F09541B62076DBC50073379B /* InventoryItemCell.swift */ = {isa = PBXFileReference; lastKnownFileType = sourcecode.swift; path = InventoryItemCell.swift; sourceTree = "<group>"; };
		F09541B820771C490073379B /* CustomerReceiptOverviewController.swift */ = {isa = PBXFileReference; lastKnownFileType = sourcecode.swift; path = CustomerReceiptOverviewController.swift; sourceTree = "<group>"; };
		F09541BA20771C8F0073379B /* CustomerReceiptTableViewController.swift */ = {isa = PBXFileReference; lastKnownFileType = sourcecode.swift; path = CustomerReceiptTableViewController.swift; sourceTree = "<group>"; };
		F09541BC20771E050073379B /* CustomerReceiptCell.swift */ = {isa = PBXFileReference; lastKnownFileType = sourcecode.swift; path = CustomerReceiptCell.swift; sourceTree = "<group>"; };
		F09541BE207819640073379B /* OverallNavigationController.swift */ = {isa = PBXFileReference; lastKnownFileType = sourcecode.swift; path = OverallNavigationController.swift; sourceTree = "<group>"; };
		F0B8B67B20733D7000601F86 /* PreviousPurchasesCell.swift */ = {isa = PBXFileReference; lastKnownFileType = sourcecode.swift; path = PreviousPurchasesCell.swift; sourceTree = "<group>"; };
		F0B8B67D20733F5300601F86 /* ReceiptsTableViewController.swift */ = {isa = PBXFileReference; lastKnownFileType = sourcecode.swift; path = ReceiptsTableViewController.swift; sourceTree = "<group>"; };
		F0BCBC8A20731BE200C25347 /* ReceiptViewController.swift */ = {isa = PBXFileReference; lastKnownFileType = sourcecode.swift; path = ReceiptViewController.swift; sourceTree = "<group>"; };
		F0DA30602073025F00643436 /* PayViewController.swift */ = {isa = PBXFileReference; lastKnownFileType = sourcecode.swift; path = PayViewController.swift; sourceTree = "<group>"; };
/* End PBXFileReference section */

/* Begin PBXFrameworksBuildPhase section */
		BA68F8042063508A004CF7A0 /* Frameworks */ = {
			isa = PBXFrameworksBuildPhase;
			buildActionMask = 2147483647;
			files = (
				063884717933F628327A98F8 /* Pods_Zulu.framework in Frameworks */,
			);
			runOnlyForDeploymentPostprocessing = 0;
		};
		BA68F8182063508B004CF7A0 /* Frameworks */ = {
			isa = PBXFrameworksBuildPhase;
			buildActionMask = 2147483647;
			files = (
				1D85493128B9FBEFD6EBB7C8 /* Pods_ZuluTests.framework in Frameworks */,
			);
			runOnlyForDeploymentPostprocessing = 0;
		};
		BA68F8232063508B004CF7A0 /* Frameworks */ = {
			isa = PBXFrameworksBuildPhase;
			buildActionMask = 2147483647;
			files = (
				BA5AC401E748A10A5506CFE3 /* Pods_ZuluUITests.framework in Frameworks */,
			);
			runOnlyForDeploymentPostprocessing = 0;
		};
/* End PBXFrameworksBuildPhase section */

/* Begin PBXGroup section */
		BA68F7FE2063508A004CF7A0 = {
			isa = PBXGroup;
			children = (
				BA68F8092063508A004CF7A0 /* Zulu */,
				BA68F81E2063508B004CF7A0 /* ZuluTests */,
				BA68F8292063508B004CF7A0 /* ZuluUITests */,
				BA68F8082063508A004CF7A0 /* Products */,
				D652695B31AC28BB73D73E47 /* Pods */,
				BD15177A79B3813383021B10 /* Frameworks */,
			);
			sourceTree = "<group>";
		};
		BA68F8082063508A004CF7A0 /* Products */ = {
			isa = PBXGroup;
			children = (
				BA68F8072063508A004CF7A0 /* Zulu.app */,
				BA68F81B2063508B004CF7A0 /* ZuluTests.xctest */,
				BA68F8262063508B004CF7A0 /* ZuluUITests.xctest */,
			);
			name = Products;
			sourceTree = "<group>";
		};
		BA68F8092063508A004CF7A0 /* Zulu */ = {
			isa = PBXGroup;
			children = (
				F089A1DB207EB3F60003BF68 /* GroceryList */,
				F089A1D6207E888D0003BF68 /* Search */,
				F0B8B67A20733AB700601F86 /* PastPurchases */,
				F09541B12076D7AD0073379B /* AdminControllers */,
				BA30F0B62064A71B00DEDA87 /* AdminScreenViewController.swift */,
				BA68F80A2063508A004CF7A0 /* AppDelegate.swift */,
				BA68F8112063508A004CF7A0 /* Assets.xcassets */,
				F03C1EAA207080380026B634 /* CartOverViewController.swift */,
				BA30F0B42064A6CB00DEDA87 /* CustomerScreenViewController.swift */,
				BA5390B020656764007713E2 /* DataStore.swift */,
				BA457F4F2074707F0036FBEA /* FavStoreTableViewController.swift */,
				F03C1EA8206FF1210026B634 /* GoogleService-Info.plist */,
				BA67E6E32064432B000727C8 /* HomeViewController.swift */,
				BA68F8162063508A004CF7A0 /* Info.plist */,
				BA5390AC20655955007713E2 /* Item.swift */,
				BA68F8132063508A004CF7A0 /* LaunchScreen.storyboard */,
				BA457F52207470800036FBEA /* LocationDescriptionViewController.swift */,
				BA457F502074707F0036FBEA /* LocationTableViewCell.swift */,
				BA68F80E2063508A004CF7A0 /* Main.storyboard */,
				F09541BE207819640073379B /* OverallNavigationController.swift */,
				F0DA30602073025F00643436 /* PayViewController.swift */,
				30E7EB372066E3D200B6552A /* ProductConfirmationViewController.swift */,
				BA5390B420657880007713E2 /* ProductTableViewCell.swift */,
				F0BCBC8A20731BE200C25347 /* ReceiptViewController.swift */,
				BA67E6DF20643D21000727C8 /* RegisterViewController.swift */,
				BA457F4E2074707F0036FBEA /* SearchInventoryViewController.swift */,
				BA457F512074707F0036FBEA /* SearchLocationViewController.swift */,
				BAB645C820640A9B0007D190 /* SignInViewController.swift */,
				BA30F0BE2064C17200DEDA87 /* StoreSearchViewController.swift */,
				BA68F80C2063508A004CF7A0 /* ViewController.swift */,
				BA5390B220656D5D007713E2 /* VirtualCartTableViewController.swift */,
				BA30F0BA2064C15900DEDA87 /* ZephyrViewController.swift */,
				F089A1E2207FFF830003BF68 /* Constants.swift */,
				F089A1E4208058D60003BF68 /* CheckoutStationViewController.swift */,
			);
			path = Zulu;
			sourceTree = "<group>";
		};
		BA68F81E2063508B004CF7A0 /* ZuluTests */ = {
			isa = PBXGroup;
			children = (
				BA68F81F2063508B004CF7A0 /* ZuluTests.swift */,
				BA68F8212063508B004CF7A0 /* Info.plist */,
			);
			path = ZuluTests;
			sourceTree = "<group>";
		};
		BA68F8292063508B004CF7A0 /* ZuluUITests */ = {
			isa = PBXGroup;
			children = (
				BA68F82A2063508B004CF7A0 /* ZuluUITests.swift */,
				BA68F82C2063508B004CF7A0 /* Info.plist */,
			);
			path = ZuluUITests;
			sourceTree = "<group>";
		};
		BD15177A79B3813383021B10 /* Frameworks */ = {
			isa = PBXGroup;
			children = (
				249C26754AB681668E21A9C6 /* Pods_Zulu.framework */,
				C4C80EF487F8F9B03AC9025D /* Pods_ZuluTests.framework */,
				C8DBED376FCB71B2B7F69F67 /* Pods_ZuluUITests.framework */,
			);
			name = Frameworks;
			sourceTree = "<group>";
		};
		D652695B31AC28BB73D73E47 /* Pods */ = {
			isa = PBXGroup;
			children = (
				D65273DF0EA2CF09E70D2B59 /* Pods-Zulu.debug.xcconfig */,
				DE806D784A8FD714D39D844C /* Pods-Zulu.release.xcconfig */,
				B17C5547A5FC4B618F0CAF4B /* Pods-ZuluTests.debug.xcconfig */,
				422B89A9581ED3658A79F89C /* Pods-ZuluTests.release.xcconfig */,
				4F5DA382FB92AF632BB04687 /* Pods-ZuluUITests.debug.xcconfig */,
				3B37B43F6AB27A6CD708B7C5 /* Pods-ZuluUITests.release.xcconfig */,
			);
			name = Pods;
			sourceTree = "<group>";
		};
		F089A1D6207E888D0003BF68 /* Search */ = {
			isa = PBXGroup;
			children = (
				F089A1D7207E93F50003BF68 /* ItemSearchOverviewController.swift */,
				F089A1D9207E94110003BF68 /* ItemSearchTableViewController.swift */,
			);
			path = Search;
			sourceTree = "<group>";
		};
		F089A1DB207EB3F60003BF68 /* GroceryList */ = {
			isa = PBXGroup;
			children = (
				F089A1DC207EB4120003BF68 /* GroceryListViewController.swift */,
				F089A1DE207EB43B0003BF68 /* GroceryListTableViewController.swift */,
				F089A1E0207F0D8B0003BF68 /* SelectedItemDisplay.swift */,
				F052C8D22082A62A000931A2 /* GroceryListItemTableViewCell.swift */,
			);
			path = GroceryList;
			sourceTree = "<group>";
		};
		F09541B12076D7AD0073379B /* AdminControllers */ = {
			isa = PBXGroup;
			children = (
				F09541B22076D8020073379B /* InventoryOverviewController.swift */,
				F09541B42076DBB00073379B /* InventoryTableViewController.swift */,
				F09541B62076DBC50073379B /* InventoryItemCell.swift */,
				F09541B820771C490073379B /* CustomerReceiptOverviewController.swift */,
				F09541BA20771C8F0073379B /* CustomerReceiptTableViewController.swift */,
				F09541BC20771E050073379B /* CustomerReceiptCell.swift */,
			);
			path = AdminControllers;
			sourceTree = "<group>";
		};
		F0B8B67A20733AB700601F86 /* PastPurchases */ = {
			isa = PBXGroup;
			children = (
				BA30F0BC2064C16600DEDA87 /* PreviousPurchasesViewController.swift */,
				F0B8B67B20733D7000601F86 /* PreviousPurchasesCell.swift */,
				F0B8B67D20733F5300601F86 /* ReceiptsTableViewController.swift */,
			);
			path = PastPurchases;
			sourceTree = "<group>";
		};
/* End PBXGroup section */

/* Begin PBXNativeTarget section */
		BA68F8062063508A004CF7A0 /* Zulu */ = {
			isa = PBXNativeTarget;
			buildConfigurationList = BA68F82F2063508B004CF7A0 /* Build configuration list for PBXNativeTarget "Zulu" */;
			buildPhases = (
				757A427BBABD3A192A13C0F6 /* [CP] Check Pods Manifest.lock */,
				BA68F8032063508A004CF7A0 /* Sources */,
				BA68F8042063508A004CF7A0 /* Frameworks */,
				BA68F8052063508A004CF7A0 /* Resources */,
				6718E3F04589346D1E4F80EA /* [CP] Embed Pods Frameworks */,
				F738F3AF8296CF091D17AE16 /* [CP] Copy Pods Resources */,
			);
			buildRules = (
			);
			dependencies = (
			);
			name = Zulu;
			productName = Zulu;
			productReference = BA68F8072063508A004CF7A0 /* Zulu.app */;
			productType = "com.apple.product-type.application";
		};
		BA68F81A2063508B004CF7A0 /* ZuluTests */ = {
			isa = PBXNativeTarget;
			buildConfigurationList = BA68F8322063508B004CF7A0 /* Build configuration list for PBXNativeTarget "ZuluTests" */;
			buildPhases = (
				B4125B5FFF8210CAE2350493 /* [CP] Check Pods Manifest.lock */,
				BA68F8172063508B004CF7A0 /* Sources */,
				BA68F8182063508B004CF7A0 /* Frameworks */,
				BA68F8192063508B004CF7A0 /* Resources */,
				90C195C46FDC8E48B956E63C /* [CP] Embed Pods Frameworks */,
				8ED9481B2303C3CE0B7F74BE /* [CP] Copy Pods Resources */,
			);
			buildRules = (
			);
			dependencies = (
				BA68F81D2063508B004CF7A0 /* PBXTargetDependency */,
			);
			name = ZuluTests;
			productName = ZuluTests;
			productReference = BA68F81B2063508B004CF7A0 /* ZuluTests.xctest */;
			productType = "com.apple.product-type.bundle.unit-test";
		};
		BA68F8252063508B004CF7A0 /* ZuluUITests */ = {
			isa = PBXNativeTarget;
			buildConfigurationList = BA68F8352063508B004CF7A0 /* Build configuration list for PBXNativeTarget "ZuluUITests" */;
			buildPhases = (
				4E010C278AB97A649B7C7A93 /* [CP] Check Pods Manifest.lock */,
				BA68F8222063508B004CF7A0 /* Sources */,
				BA68F8232063508B004CF7A0 /* Frameworks */,
				BA68F8242063508B004CF7A0 /* Resources */,
				3449B48C281C15228BA3C55E /* [CP] Embed Pods Frameworks */,
				F5F2188C624A1C1277085671 /* [CP] Copy Pods Resources */,
			);
			buildRules = (
			);
			dependencies = (
				BA68F8282063508B004CF7A0 /* PBXTargetDependency */,
			);
			name = ZuluUITests;
			productName = ZuluUITests;
			productReference = BA68F8262063508B004CF7A0 /* ZuluUITests.xctest */;
			productType = "com.apple.product-type.bundle.ui-testing";
		};
/* End PBXNativeTarget section */

/* Begin PBXProject section */
		BA68F7FF2063508A004CF7A0 /* Project object */ = {
			isa = PBXProject;
			attributes = {
				LastSwiftUpdateCheck = 0920;
				LastUpgradeCheck = 0920;
				ORGANIZATIONNAME = Zulu;
				TargetAttributes = {
					BA68F8062063508A004CF7A0 = {
						CreatedOnToolsVersion = 9.2;
						ProvisioningStyle = Automatic;
					};
					BA68F81A2063508B004CF7A0 = {
						CreatedOnToolsVersion = 9.2;
						ProvisioningStyle = Automatic;
						TestTargetID = BA68F8062063508A004CF7A0;
					};
					BA68F8252063508B004CF7A0 = {
						CreatedOnToolsVersion = 9.2;
						ProvisioningStyle = Automatic;
						TestTargetID = BA68F8062063508A004CF7A0;
					};
				};
			};
			buildConfigurationList = BA68F8022063508A004CF7A0 /* Build configuration list for PBXProject "Zulu" */;
			compatibilityVersion = "Xcode 8.0";
			developmentRegion = en;
			hasScannedForEncodings = 0;
			knownRegions = (
				en,
				Base,
			);
			mainGroup = BA68F7FE2063508A004CF7A0;
			productRefGroup = BA68F8082063508A004CF7A0 /* Products */;
			projectDirPath = "";
			projectRoot = "";
			targets = (
				BA68F8062063508A004CF7A0 /* Zulu */,
				BA68F81A2063508B004CF7A0 /* ZuluTests */,
				BA68F8252063508B004CF7A0 /* ZuluUITests */,
			);
		};
/* End PBXProject section */

/* Begin PBXResourcesBuildPhase section */
		BA68F8052063508A004CF7A0 /* Resources */ = {
			isa = PBXResourcesBuildPhase;
			buildActionMask = 2147483647;
			files = (
				BA68F8152063508A004CF7A0 /* LaunchScreen.storyboard in Resources */,
				F03C1EA9206FF1210026B634 /* GoogleService-Info.plist in Resources */,
				BA68F8122063508A004CF7A0 /* Assets.xcassets in Resources */,
				BA68F8102063508A004CF7A0 /* Main.storyboard in Resources */,
			);
			runOnlyForDeploymentPostprocessing = 0;
		};
		BA68F8192063508B004CF7A0 /* Resources */ = {
			isa = PBXResourcesBuildPhase;
			buildActionMask = 2147483647;
			files = (
			);
			runOnlyForDeploymentPostprocessing = 0;
		};
		BA68F8242063508B004CF7A0 /* Resources */ = {
			isa = PBXResourcesBuildPhase;
			buildActionMask = 2147483647;
			files = (
			);
			runOnlyForDeploymentPostprocessing = 0;
		};
/* End PBXResourcesBuildPhase section */

/* Begin PBXShellScriptBuildPhase section */
		3449B48C281C15228BA3C55E /* [CP] Embed Pods Frameworks */ = {
			isa = PBXShellScriptBuildPhase;
			buildActionMask = 2147483647;
			files = (
			);
			inputPaths = (
			);
			name = "[CP] Embed Pods Frameworks";
			outputPaths = (
			);
			runOnlyForDeploymentPostprocessing = 0;
			shellPath = /bin/sh;
			shellScript = "\"${SRCROOT}/Pods/Target Support Files/Pods-ZuluUITests/Pods-ZuluUITests-frameworks.sh\"\n";
			showEnvVarsInLog = 0;
		};
		4E010C278AB97A649B7C7A93 /* [CP] Check Pods Manifest.lock */ = {
			isa = PBXShellScriptBuildPhase;
			buildActionMask = 2147483647;
			files = (
			);
			inputPaths = (
				"${PODS_PODFILE_DIR_PATH}/Podfile.lock",
				"${PODS_ROOT}/Manifest.lock",
			);
			name = "[CP] Check Pods Manifest.lock";
			outputPaths = (
				"$(DERIVED_FILE_DIR)/Pods-ZuluUITests-checkManifestLockResult.txt",
			);
			runOnlyForDeploymentPostprocessing = 0;
			shellPath = /bin/sh;
			shellScript = "diff \"${PODS_PODFILE_DIR_PATH}/Podfile.lock\" \"${PODS_ROOT}/Manifest.lock\" > /dev/null\nif [ $? != 0 ] ; then\n    # print error to STDERR\n    echo \"error: The sandbox is not in sync with the Podfile.lock. Run 'pod install' or update your CocoaPods installation.\" >&2\n    exit 1\nfi\n# This output is used by Xcode 'outputs' to avoid re-running this script phase.\necho \"SUCCESS\" > \"${SCRIPT_OUTPUT_FILE_0}\"\n";
			showEnvVarsInLog = 0;
		};
		6718E3F04589346D1E4F80EA /* [CP] Embed Pods Frameworks */ = {
			isa = PBXShellScriptBuildPhase;
			buildActionMask = 2147483647;
			files = (
			);
			inputPaths = (
				"${SRCROOT}/Pods/Target Support Files/Pods-Zulu/Pods-Zulu-frameworks.sh",
				"${BUILT_PRODUCTS_DIR}/GTMSessionFetcher/GTMSessionFetcher.framework",
				"${BUILT_PRODUCTS_DIR}/GoogleToolboxForMac/GoogleToolboxForMac.framework",
				"${BUILT_PRODUCTS_DIR}/leveldb-library/leveldb.framework",
				"${BUILT_PRODUCTS_DIR}/nanopb/nanopb.framework",
			);
			name = "[CP] Embed Pods Frameworks";
			outputPaths = (
				"${TARGET_BUILD_DIR}/${FRAMEWORKS_FOLDER_PATH}/GTMSessionFetcher.framework",
				"${TARGET_BUILD_DIR}/${FRAMEWORKS_FOLDER_PATH}/GoogleToolboxForMac.framework",
				"${TARGET_BUILD_DIR}/${FRAMEWORKS_FOLDER_PATH}/leveldb.framework",
				"${TARGET_BUILD_DIR}/${FRAMEWORKS_FOLDER_PATH}/nanopb.framework",
			);
			runOnlyForDeploymentPostprocessing = 0;
			shellPath = /bin/sh;
			shellScript = "\"${SRCROOT}/Pods/Target Support Files/Pods-Zulu/Pods-Zulu-frameworks.sh\"\n";
			showEnvVarsInLog = 0;
		};
		757A427BBABD3A192A13C0F6 /* [CP] Check Pods Manifest.lock */ = {
			isa = PBXShellScriptBuildPhase;
			buildActionMask = 2147483647;
			files = (
			);
			inputPaths = (
				"${PODS_PODFILE_DIR_PATH}/Podfile.lock",
				"${PODS_ROOT}/Manifest.lock",
			);
			name = "[CP] Check Pods Manifest.lock";
			outputPaths = (
				"$(DERIVED_FILE_DIR)/Pods-Zulu-checkManifestLockResult.txt",
			);
			runOnlyForDeploymentPostprocessing = 0;
			shellPath = /bin/sh;
			shellScript = "diff \"${PODS_PODFILE_DIR_PATH}/Podfile.lock\" \"${PODS_ROOT}/Manifest.lock\" > /dev/null\nif [ $? != 0 ] ; then\n    # print error to STDERR\n    echo \"error: The sandbox is not in sync with the Podfile.lock. Run 'pod install' or update your CocoaPods installation.\" >&2\n    exit 1\nfi\n# This output is used by Xcode 'outputs' to avoid re-running this script phase.\necho \"SUCCESS\" > \"${SCRIPT_OUTPUT_FILE_0}\"\n";
			showEnvVarsInLog = 0;
		};
		8ED9481B2303C3CE0B7F74BE /* [CP] Copy Pods Resources */ = {
			isa = PBXShellScriptBuildPhase;
			buildActionMask = 2147483647;
			files = (
			);
			inputPaths = (
			);
			name = "[CP] Copy Pods Resources";
			outputPaths = (
			);
			runOnlyForDeploymentPostprocessing = 0;
			shellPath = /bin/sh;
			shellScript = "\"${SRCROOT}/Pods/Target Support Files/Pods-ZuluTests/Pods-ZuluTests-resources.sh\"\n";
			showEnvVarsInLog = 0;
		};
		90C195C46FDC8E48B956E63C /* [CP] Embed Pods Frameworks */ = {
			isa = PBXShellScriptBuildPhase;
			buildActionMask = 2147483647;
			files = (
			);
			inputPaths = (
			);
			name = "[CP] Embed Pods Frameworks";
			outputPaths = (
			);
			runOnlyForDeploymentPostprocessing = 0;
			shellPath = /bin/sh;
			shellScript = "\"${SRCROOT}/Pods/Target Support Files/Pods-ZuluTests/Pods-ZuluTests-frameworks.sh\"\n";
			showEnvVarsInLog = 0;
		};
		B4125B5FFF8210CAE2350493 /* [CP] Check Pods Manifest.lock */ = {
			isa = PBXShellScriptBuildPhase;
			buildActionMask = 2147483647;
			files = (
			);
			inputPaths = (
				"${PODS_PODFILE_DIR_PATH}/Podfile.lock",
				"${PODS_ROOT}/Manifest.lock",
			);
			name = "[CP] Check Pods Manifest.lock";
			outputPaths = (
				"$(DERIVED_FILE_DIR)/Pods-ZuluTests-checkManifestLockResult.txt",
			);
			runOnlyForDeploymentPostprocessing = 0;
			shellPath = /bin/sh;
			shellScript = "diff \"${PODS_PODFILE_DIR_PATH}/Podfile.lock\" \"${PODS_ROOT}/Manifest.lock\" > /dev/null\nif [ $? != 0 ] ; then\n    # print error to STDERR\n    echo \"error: The sandbox is not in sync with the Podfile.lock. Run 'pod install' or update your CocoaPods installation.\" >&2\n    exit 1\nfi\n# This output is used by Xcode 'outputs' to avoid re-running this script phase.\necho \"SUCCESS\" > \"${SCRIPT_OUTPUT_FILE_0}\"\n";
			showEnvVarsInLog = 0;
		};
		F5F2188C624A1C1277085671 /* [CP] Copy Pods Resources */ = {
			isa = PBXShellScriptBuildPhase;
			buildActionMask = 2147483647;
			files = (
			);
			inputPaths = (
			);
			name = "[CP] Copy Pods Resources";
			outputPaths = (
			);
			runOnlyForDeploymentPostprocessing = 0;
			shellPath = /bin/sh;
			shellScript = "\"${SRCROOT}/Pods/Target Support Files/Pods-ZuluUITests/Pods-ZuluUITests-resources.sh\"\n";
			showEnvVarsInLog = 0;
		};
		F738F3AF8296CF091D17AE16 /* [CP] Copy Pods Resources */ = {
			isa = PBXShellScriptBuildPhase;
			buildActionMask = 2147483647;
			files = (
			);
			inputPaths = (
				"${SRCROOT}/Pods/Target Support Files/Pods-Zulu/Pods-Zulu-resources.sh",
				"${PODS_CONFIGURATION_BUILD_DIR}/FirebaseUI/FirebaseAuthUI.bundle",
				"${PODS_CONFIGURATION_BUILD_DIR}/FirebaseUI/FirebaseFacebookAuthUI.bundle",
				"${PODS_CONFIGURATION_BUILD_DIR}/FirebaseUI/FirebaseGoogleAuthUI.bundle",
				"${PODS_CONFIGURATION_BUILD_DIR}/FirebaseUI/FirebasePhoneAuthUI.bundle",
				"${PODS_CONFIGURATION_BUILD_DIR}/FirebaseUI/FirebaseTwitterAuthUI.bundle",
				"${PODS_ROOT}/GoogleSignIn/Resources/GoogleSignIn.bundle",
				"${PODS_ROOT}/TwitterKit/iOS/TwitterKit.framework/TwitterKitResources.bundle",
				"${PODS_ROOT}/TwitterKit/iOS/TwitterKit.framework/TwitterShareExtensionUIResources.bundle",
			);
			name = "[CP] Copy Pods Resources";
			outputPaths = (
				"${TARGET_BUILD_DIR}/${UNLOCALIZED_RESOURCES_FOLDER_PATH}/FirebaseAuthUI.bundle",
				"${TARGET_BUILD_DIR}/${UNLOCALIZED_RESOURCES_FOLDER_PATH}/FirebaseFacebookAuthUI.bundle",
				"${TARGET_BUILD_DIR}/${UNLOCALIZED_RESOURCES_FOLDER_PATH}/FirebaseGoogleAuthUI.bundle",
				"${TARGET_BUILD_DIR}/${UNLOCALIZED_RESOURCES_FOLDER_PATH}/FirebasePhoneAuthUI.bundle",
				"${TARGET_BUILD_DIR}/${UNLOCALIZED_RESOURCES_FOLDER_PATH}/FirebaseTwitterAuthUI.bundle",
				"${TARGET_BUILD_DIR}/${UNLOCALIZED_RESOURCES_FOLDER_PATH}/GoogleSignIn.bundle",
				"${TARGET_BUILD_DIR}/${UNLOCALIZED_RESOURCES_FOLDER_PATH}/TwitterKitResources.bundle",
				"${TARGET_BUILD_DIR}/${UNLOCALIZED_RESOURCES_FOLDER_PATH}/TwitterShareExtensionUIResources.bundle",
			);
			runOnlyForDeploymentPostprocessing = 0;
			shellPath = /bin/sh;
			shellScript = "\"${SRCROOT}/Pods/Target Support Files/Pods-Zulu/Pods-Zulu-resources.sh\"\n";
			showEnvVarsInLog = 0;
		};
/* End PBXShellScriptBuildPhase section */

/* Begin PBXSourcesBuildPhase section */
		BA68F8032063508A004CF7A0 /* Sources */ = {
			isa = PBXSourcesBuildPhase;
			buildActionMask = 2147483647;
			files = (
				F089A1D8207E93F50003BF68 /* ItemSearchOverviewController.swift in Sources */,
				F09541BB20771C8F0073379B /* CustomerReceiptTableViewController.swift in Sources */,
				F089A1DD207EB4120003BF68 /* GroceryListViewController.swift in Sources */,
				BA457F58207470800036FBEA /* LocationDescriptionViewController.swift in Sources */,
				BA5390B320656D5D007713E2 /* VirtualCartTableViewController.swift in Sources */,
				F0B8B67C20733D7000601F86 /* PreviousPurchasesCell.swift in Sources */,
				BA5390B120656764007713E2 /* DataStore.swift in Sources */,
				BA30F0B72064A71B00DEDA87 /* AdminScreenViewController.swift in Sources */,
				F0BCBC8B20731BE200C25347 /* ReceiptViewController.swift in Sources */,
				BA30F0B52064A6CB00DEDA87 /* CustomerScreenViewController.swift in Sources */,
				30E7EB382066E3D200B6552A /* ProductConfirmationViewController.swift in Sources */,
				BA457F55207470800036FBEA /* FavStoreTableViewController.swift in Sources */,
				BA30F0BD2064C16600DEDA87 /* PreviousPurchasesViewController.swift in Sources */,
				F0DA30612073025F00643436 /* PayViewController.swift in Sources */,
				F089A1E1207F0D8B0003BF68 /* SelectedItemDisplay.swift in Sources */,
				BA5390AD20655955007713E2 /* Item.swift in Sources */,
				F0B8B67E20733F5300601F86 /* ReceiptsTableViewController.swift in Sources */,
				F089A1E5208058D60003BF68 /* CheckoutStationViewController.swift in Sources */,
				BA457F57207470800036FBEA /* SearchLocationViewController.swift in Sources */,
				F09541BF207819640073379B /* OverallNavigationController.swift in Sources */,
				BA67E6E42064432B000727C8 /* HomeViewController.swift in Sources */,
				F09541B32076D8020073379B /* InventoryOverviewController.swift in Sources */,
				F052C8D32082A62B000931A2 /* GroceryListItemTableViewCell.swift in Sources */,
				BA68F80D2063508A004CF7A0 /* ViewController.swift in Sources */,
				F09541B52076DBB10073379B /* InventoryTableViewController.swift in Sources */,
				BA68F80B2063508A004CF7A0 /* AppDelegate.swift in Sources */,
				BA5390B520657880007713E2 /* ProductTableViewCell.swift in Sources */,
				BA457F54207470800036FBEA /* SearchInventoryViewController.swift in Sources */,
				F089A1DF207EB43B0003BF68 /* GroceryListTableViewController.swift in Sources */,
				F09541B920771C490073379B /* CustomerReceiptOverviewController.swift in Sources */,
				BA30F0BF2064C17200DEDA87 /* StoreSearchViewController.swift in Sources */,
				BA457F56207470800036FBEA /* LocationTableViewCell.swift in Sources */,
				F03C1EAB207080380026B634 /* CartOverViewController.swift in Sources */,
				BAB645C920640A9B0007D190 /* SignInViewController.swift in Sources */,
				BA67E6E020643D21000727C8 /* RegisterViewController.swift in Sources */,
				F089A1DA207E94110003BF68 /* ItemSearchTableViewController.swift in Sources */,
				F09541BD20771E050073379B /* CustomerReceiptCell.swift in Sources */,
				BA30F0BB2064C15900DEDA87 /* ZephyrViewController.swift in Sources */,
				F09541B72076DBC50073379B /* InventoryItemCell.swift in Sources */,
				F089A1E3207FFF840003BF68 /* Constants.swift in Sources */,
			);
			runOnlyForDeploymentPostprocessing = 0;
		};
		BA68F8172063508B004CF7A0 /* Sources */ = {
			isa = PBXSourcesBuildPhase;
			buildActionMask = 2147483647;
			files = (
				BA68F8202063508B004CF7A0 /* ZuluTests.swift in Sources */,
			);
			runOnlyForDeploymentPostprocessing = 0;
		};
		BA68F8222063508B004CF7A0 /* Sources */ = {
			isa = PBXSourcesBuildPhase;
			buildActionMask = 2147483647;
			files = (
				BA68F82B2063508B004CF7A0 /* ZuluUITests.swift in Sources */,
			);
			runOnlyForDeploymentPostprocessing = 0;
		};
/* End PBXSourcesBuildPhase section */

/* Begin PBXTargetDependency section */
		BA68F81D2063508B004CF7A0 /* PBXTargetDependency */ = {
			isa = PBXTargetDependency;
			target = BA68F8062063508A004CF7A0 /* Zulu */;
			targetProxy = BA68F81C2063508B004CF7A0 /* PBXContainerItemProxy */;
		};
		BA68F8282063508B004CF7A0 /* PBXTargetDependency */ = {
			isa = PBXTargetDependency;
			target = BA68F8062063508A004CF7A0 /* Zulu */;
			targetProxy = BA68F8272063508B004CF7A0 /* PBXContainerItemProxy */;
		};
/* End PBXTargetDependency section */

/* Begin PBXVariantGroup section */
		BA68F80E2063508A004CF7A0 /* Main.storyboard */ = {
			isa = PBXVariantGroup;
			children = (
				BA68F80F2063508A004CF7A0 /* Base */,
			);
			name = Main.storyboard;
			sourceTree = "<group>";
		};
		BA68F8132063508A004CF7A0 /* LaunchScreen.storyboard */ = {
			isa = PBXVariantGroup;
			children = (
				BA68F8142063508A004CF7A0 /* Base */,
			);
			name = LaunchScreen.storyboard;
			sourceTree = "<group>";
		};
/* End PBXVariantGroup section */

/* Begin XCBuildConfiguration section */
		BA68F82D2063508B004CF7A0 /* Debug */ = {
			isa = XCBuildConfiguration;
			buildSettings = {
				ALWAYS_SEARCH_USER_PATHS = NO;
				CLANG_ANALYZER_NONNULL = YES;
				CLANG_ANALYZER_NUMBER_OBJECT_CONVERSION = YES_AGGRESSIVE;
				CLANG_CXX_LANGUAGE_STANDARD = "gnu++14";
				CLANG_CXX_LIBRARY = "libc++";
				CLANG_ENABLE_MODULES = YES;
				CLANG_ENABLE_OBJC_ARC = YES;
				CLANG_WARN_BLOCK_CAPTURE_AUTORELEASING = YES;
				CLANG_WARN_BOOL_CONVERSION = YES;
				CLANG_WARN_COMMA = YES;
				CLANG_WARN_CONSTANT_CONVERSION = YES;
				CLANG_WARN_DIRECT_OBJC_ISA_USAGE = YES_ERROR;
				CLANG_WARN_DOCUMENTATION_COMMENTS = YES;
				CLANG_WARN_EMPTY_BODY = YES;
				CLANG_WARN_ENUM_CONVERSION = YES;
				CLANG_WARN_INFINITE_RECURSION = YES;
				CLANG_WARN_INT_CONVERSION = YES;
				CLANG_WARN_NON_LITERAL_NULL_CONVERSION = YES;
				CLANG_WARN_OBJC_LITERAL_CONVERSION = YES;
				CLANG_WARN_OBJC_ROOT_CLASS = YES_ERROR;
				CLANG_WARN_RANGE_LOOP_ANALYSIS = YES;
				CLANG_WARN_STRICT_PROTOTYPES = YES;
				CLANG_WARN_SUSPICIOUS_MOVE = YES;
				CLANG_WARN_UNGUARDED_AVAILABILITY = YES_AGGRESSIVE;
				CLANG_WARN_UNREACHABLE_CODE = YES;
				CLANG_WARN__DUPLICATE_METHOD_MATCH = YES;
				CODE_SIGN_IDENTITY = "iPhone Developer";
				COPY_PHASE_STRIP = NO;
				DEBUG_INFORMATION_FORMAT = dwarf;
				ENABLE_STRICT_OBJC_MSGSEND = YES;
				ENABLE_TESTABILITY = YES;
				GCC_C_LANGUAGE_STANDARD = gnu11;
				GCC_DYNAMIC_NO_PIC = NO;
				GCC_NO_COMMON_BLOCKS = YES;
				GCC_OPTIMIZATION_LEVEL = 0;
				GCC_PREPROCESSOR_DEFINITIONS = (
					"DEBUG=1",
					"$(inherited)",
				);
				GCC_WARN_64_TO_32_BIT_CONVERSION = YES;
				GCC_WARN_ABOUT_RETURN_TYPE = YES_ERROR;
				GCC_WARN_UNDECLARED_SELECTOR = YES;
				GCC_WARN_UNINITIALIZED_AUTOS = YES_AGGRESSIVE;
				GCC_WARN_UNUSED_FUNCTION = YES;
				GCC_WARN_UNUSED_VARIABLE = YES;
				IPHONEOS_DEPLOYMENT_TARGET = 11.2;
				MTL_ENABLE_DEBUG_INFO = YES;
				ONLY_ACTIVE_ARCH = YES;
				SDKROOT = iphoneos;
				SWIFT_ACTIVE_COMPILATION_CONDITIONS = DEBUG;
				SWIFT_OPTIMIZATION_LEVEL = "-Onone";
			};
			name = Debug;
		};
		BA68F82E2063508B004CF7A0 /* Release */ = {
			isa = XCBuildConfiguration;
			buildSettings = {
				ALWAYS_SEARCH_USER_PATHS = NO;
				CLANG_ANALYZER_NONNULL = YES;
				CLANG_ANALYZER_NUMBER_OBJECT_CONVERSION = YES_AGGRESSIVE;
				CLANG_CXX_LANGUAGE_STANDARD = "gnu++14";
				CLANG_CXX_LIBRARY = "libc++";
				CLANG_ENABLE_MODULES = YES;
				CLANG_ENABLE_OBJC_ARC = YES;
				CLANG_WARN_BLOCK_CAPTURE_AUTORELEASING = YES;
				CLANG_WARN_BOOL_CONVERSION = YES;
				CLANG_WARN_COMMA = YES;
				CLANG_WARN_CONSTANT_CONVERSION = YES;
				CLANG_WARN_DIRECT_OBJC_ISA_USAGE = YES_ERROR;
				CLANG_WARN_DOCUMENTATION_COMMENTS = YES;
				CLANG_WARN_EMPTY_BODY = YES;
				CLANG_WARN_ENUM_CONVERSION = YES;
				CLANG_WARN_INFINITE_RECURSION = YES;
				CLANG_WARN_INT_CONVERSION = YES;
				CLANG_WARN_NON_LITERAL_NULL_CONVERSION = YES;
				CLANG_WARN_OBJC_LITERAL_CONVERSION = YES;
				CLANG_WARN_OBJC_ROOT_CLASS = YES_ERROR;
				CLANG_WARN_RANGE_LOOP_ANALYSIS = YES;
				CLANG_WARN_STRICT_PROTOTYPES = YES;
				CLANG_WARN_SUSPICIOUS_MOVE = YES;
				CLANG_WARN_UNGUARDED_AVAILABILITY = YES_AGGRESSIVE;
				CLANG_WARN_UNREACHABLE_CODE = YES;
				CLANG_WARN__DUPLICATE_METHOD_MATCH = YES;
				CODE_SIGN_IDENTITY = "iPhone Developer";
				COPY_PHASE_STRIP = NO;
				DEBUG_INFORMATION_FORMAT = "dwarf-with-dsym";
				ENABLE_NS_ASSERTIONS = NO;
				ENABLE_STRICT_OBJC_MSGSEND = YES;
				GCC_C_LANGUAGE_STANDARD = gnu11;
				GCC_NO_COMMON_BLOCKS = YES;
				GCC_WARN_64_TO_32_BIT_CONVERSION = YES;
				GCC_WARN_ABOUT_RETURN_TYPE = YES_ERROR;
				GCC_WARN_UNDECLARED_SELECTOR = YES;
				GCC_WARN_UNINITIALIZED_AUTOS = YES_AGGRESSIVE;
				GCC_WARN_UNUSED_FUNCTION = YES;
				GCC_WARN_UNUSED_VARIABLE = YES;
				IPHONEOS_DEPLOYMENT_TARGET = 11.2;
				MTL_ENABLE_DEBUG_INFO = NO;
				SDKROOT = iphoneos;
				SWIFT_OPTIMIZATION_LEVEL = "-Owholemodule";
				VALIDATE_PRODUCT = YES;
			};
			name = Release;
		};
		BA68F8302063508B004CF7A0 /* Debug */ = {
			isa = XCBuildConfiguration;
			baseConfigurationReference = D65273DF0EA2CF09E70D2B59 /* Pods-Zulu.debug.xcconfig */;
			buildSettings = {
				ASSETCATALOG_COMPILER_APPICON_NAME = AppIcon;
				CODE_SIGN_STYLE = Automatic;
				DEVELOPMENT_TEAM = J7BP95N96D;
				INFOPLIST_FILE = Zulu/Info.plist;
				LD_RUNPATH_SEARCH_PATHS = "$(inherited) @executable_path/Frameworks";
				PRODUCT_BUNDLE_IDENTIFIER = Zulu.Zulu.zulu;
				PRODUCT_NAME = "$(TARGET_NAME)";
				SWIFT_VERSION = 4.0;
				TARGETED_DEVICE_FAMILY = "1,2";
			};
			name = Debug;
		};
		BA68F8312063508B004CF7A0 /* Release */ = {
			isa = XCBuildConfiguration;
			baseConfigurationReference = DE806D784A8FD714D39D844C /* Pods-Zulu.release.xcconfig */;
			buildSettings = {
				ASSETCATALOG_COMPILER_APPICON_NAME = AppIcon;
				CODE_SIGN_STYLE = Automatic;
				DEVELOPMENT_TEAM = J7BP95N96D;
				INFOPLIST_FILE = Zulu/Info.plist;
				LD_RUNPATH_SEARCH_PATHS = "$(inherited) @executable_path/Frameworks";
				PRODUCT_BUNDLE_IDENTIFIER = Zulu.Zulu.zulu;
				PRODUCT_NAME = "$(TARGET_NAME)";
				SWIFT_VERSION = 4.0;
				TARGETED_DEVICE_FAMILY = "1,2";
			};
			name = Release;
		};
		BA68F8332063508B004CF7A0 /* Debug */ = {
			isa = XCBuildConfiguration;
			baseConfigurationReference = B17C5547A5FC4B618F0CAF4B /* Pods-ZuluTests.debug.xcconfig */;
			buildSettings = {
				ALWAYS_EMBED_SWIFT_STANDARD_LIBRARIES = YES;
				BUNDLE_LOADER = "$(TEST_HOST)";
				CODE_SIGN_STYLE = Automatic;
				INFOPLIST_FILE = ZuluTests/Info.plist;
				LD_RUNPATH_SEARCH_PATHS = "$(inherited) @executable_path/Frameworks @loader_path/Frameworks";
				PRODUCT_BUNDLE_IDENTIFIER = Zulu.ZuluTests;
				PRODUCT_NAME = "$(TARGET_NAME)";
				SWIFT_VERSION = 4.0;
				TARGETED_DEVICE_FAMILY = "1,2";
				TEST_HOST = "$(BUILT_PRODUCTS_DIR)/Zulu.app/Zulu";
			};
			name = Debug;
		};
		BA68F8342063508B004CF7A0 /* Release */ = {
			isa = XCBuildConfiguration;
			baseConfigurationReference = 422B89A9581ED3658A79F89C /* Pods-ZuluTests.release.xcconfig */;
			buildSettings = {
				ALWAYS_EMBED_SWIFT_STANDARD_LIBRARIES = YES;
				BUNDLE_LOADER = "$(TEST_HOST)";
				CODE_SIGN_STYLE = Automatic;
				INFOPLIST_FILE = ZuluTests/Info.plist;
				LD_RUNPATH_SEARCH_PATHS = "$(inherited) @executable_path/Frameworks @loader_path/Frameworks";
				PRODUCT_BUNDLE_IDENTIFIER = Zulu.ZuluTests;
				PRODUCT_NAME = "$(TARGET_NAME)";
				SWIFT_VERSION = 4.0;
				TARGETED_DEVICE_FAMILY = "1,2";
				TEST_HOST = "$(BUILT_PRODUCTS_DIR)/Zulu.app/Zulu";
			};
			name = Release;
		};
		BA68F8362063508B004CF7A0 /* Debug */ = {
			isa = XCBuildConfiguration;
			baseConfigurationReference = 4F5DA382FB92AF632BB04687 /* Pods-ZuluUITests.debug.xcconfig */;
			buildSettings = {
				ALWAYS_EMBED_SWIFT_STANDARD_LIBRARIES = YES;
				CODE_SIGN_STYLE = Automatic;
				INFOPLIST_FILE = ZuluUITests/Info.plist;
				LD_RUNPATH_SEARCH_PATHS = "$(inherited) @executable_path/Frameworks @loader_path/Frameworks";
				PRODUCT_BUNDLE_IDENTIFIER = Zulu.ZuluUITests;
				PRODUCT_NAME = "$(TARGET_NAME)";
				SWIFT_VERSION = 4.0;
				TARGETED_DEVICE_FAMILY = "1,2";
				TEST_TARGET_NAME = Zulu;
			};
			name = Debug;
		};
		BA68F8372063508B004CF7A0 /* Release */ = {
			isa = XCBuildConfiguration;
			baseConfigurationReference = 3B37B43F6AB27A6CD708B7C5 /* Pods-ZuluUITests.release.xcconfig */;
			buildSettings = {
				ALWAYS_EMBED_SWIFT_STANDARD_LIBRARIES = YES;
				CODE_SIGN_STYLE = Automatic;
				INFOPLIST_FILE = ZuluUITests/Info.plist;
				LD_RUNPATH_SEARCH_PATHS = "$(inherited) @executable_path/Frameworks @loader_path/Frameworks";
				PRODUCT_BUNDLE_IDENTIFIER = Zulu.ZuluUITests;
				PRODUCT_NAME = "$(TARGET_NAME)";
				SWIFT_VERSION = 4.0;
				TARGETED_DEVICE_FAMILY = "1,2";
				TEST_TARGET_NAME = Zulu;
			};
			name = Release;
		};
/* End XCBuildConfiguration section */

/* Begin XCConfigurationList section */
		BA68F8022063508A004CF7A0 /* Build configuration list for PBXProject "Zulu" */ = {
			isa = XCConfigurationList;
			buildConfigurations = (
				BA68F82D2063508B004CF7A0 /* Debug */,
				BA68F82E2063508B004CF7A0 /* Release */,
			);
			defaultConfigurationIsVisible = 0;
			defaultConfigurationName = Release;
		};
		BA68F82F2063508B004CF7A0 /* Build configuration list for PBXNativeTarget "Zulu" */ = {
			isa = XCConfigurationList;
			buildConfigurations = (
				BA68F8302063508B004CF7A0 /* Debug */,
				BA68F8312063508B004CF7A0 /* Release */,
			);
			defaultConfigurationIsVisible = 0;
			defaultConfigurationName = Release;
		};
		BA68F8322063508B004CF7A0 /* Build configuration list for PBXNativeTarget "ZuluTests" */ = {
			isa = XCConfigurationList;
			buildConfigurations = (
				BA68F8332063508B004CF7A0 /* Debug */,
				BA68F8342063508B004CF7A0 /* Release */,
			);
			defaultConfigurationIsVisible = 0;
			defaultConfigurationName = Release;
		};
		BA68F8352063508B004CF7A0 /* Build configuration list for PBXNativeTarget "ZuluUITests" */ = {
			isa = XCConfigurationList;
			buildConfigurations = (
				BA68F8362063508B004CF7A0 /* Debug */,
				BA68F8372063508B004CF7A0 /* Release */,
			);
			defaultConfigurationIsVisible = 0;
			defaultConfigurationName = Release;
		};
/* End XCConfigurationList section */
	};
	rootObject = BA68F7FF2063508A004CF7A0 /* Project object */;
}
